
Microsoft Visual Studio Solution File, Format Version 12.00
# Visual Studio Version 16
VisualStudioVersion = 16.0.30517.126
MinimumVisualStudioVersion = 10.0.40219.1
Project("{FAE04EC0-301F-11D3-BF4B-00C04F79EFBC}") = "SignalRChat", "SignalRChat\SignalRChat.csproj", "{B5FB400D-90E0-408A-B735-C3B3FB9A4DA1}"
EndProject
Global
	GlobalSection(SolutionConfigurationPlatforms) = preSolution
		Debug|Any CPU = Debug|Any CPU
		Release|Any CPU = Release|Any CPU
	EndGlobalSection
	GlobalSection(ProjectConfigurationPlatforms) = postSolution
		{B5FB400D-90E0-408A-B735-C3B3FB9A4DA1}.Debug|Any CPU.ActiveCfg = Debug|Any CPU
		{B5FB400D-90E0-408A-B735-C3B3FB9A4DA1}.Debug|Any CPU.Build.0 = Debug|Any CPU
		{B5FB400D-90E0-408A-B735-C3B3FB9A4DA1}.Release|Any CPU.ActiveCfg = Release|Any CPU
		{B5FB400D-90E0-408A-B735-C3B3FB9A4DA1}.Release|Any CPU.Build.0 = Release|Any CPU
	EndGlobalSection
	GlobalSection(SolutionProperties) = preSolution
		HideSolutionNode = FALSE
	EndGlobalSection
	GlobalSection(ExtensibilityGlobals) = postSolution
		SolutionGuid = {43BAE3E8-7542-4367-9055-5A547F00E793}
	EndGlobalSection
EndGlobal
